
Microsoft Visual Studio Solution File, Format Version 12.00
# Visual Studio 15
VisualStudioVersion = 15.0.27703.2000
MinimumVisualStudioVersion = 10.0.40219.1
Project("{FAE04EC0-301F-11D3-BF4B-00C04F79EFBC}") = "MvcMovie", "MvcMovie\MvcMovie.csproj", "{FA5967F1-CAA4-4AC8-AF3A-0504B6360F6D}"
EndProject
Global
	GlobalSection(SolutionConfigurationPlatforms) = preSolution
		Debug|Any CPU = Debug|Any CPU
		Release|Any CPU = Release|Any CPU
	EndGlobalSection
	GlobalSection(ProjectConfigurationPlatforms) = postSolution
		{FA5967F1-CAA4-4AC8-AF3A-0504B6360F6D}.Debug|Any CPU.ActiveCfg = Debug|Any CPU
		{FA5967F1-CAA4-4AC8-AF3A-0504B6360F6D}.Debug|Any CPU.Build.0 = Debug|Any CPU
		{FA5967F1-CAA4-4AC8-AF3A-0504B6360F6D}.Release|Any CPU.ActiveCfg = Release|Any CPU
		{FA5967F1-CAA4-4AC8-AF3A-0504B6360F6D}.Release|Any CPU.Build.0 = Release|Any CPU
	EndGlobalSection
	GlobalSection(SolutionProperties) = preSolution
		HideSolutionNode = FALSE
	EndGlobalSection
	GlobalSection(ExtensibilityGlobals) = postSolution
		SolutionGuid = {A0CC0F9D-309C-4E00-B17E-7304A59D48BC}
	EndGlobalSection
EndGlobal
